{
  "name": "create-checkout",
  "version": "0.0.1",
  "lockfileVersion": 1,
  "requires": true,
  "dependencies": {
    "@types/node": {
      "version": "14.0.6",
      "resolved": "https://registry.npmjs.org/@types/node/-/node-14.0.6.tgz",
      "integrity": "sha512-FbNmu4F67d3oZMWBV6Y4MaPER+0EpE9eIYf2yaHhCWovc1dlXCZkqGX4NLHfVVr6umt20TNBdRzrNJIzIKfdbw=="
    },
    "@types/stripe-v3": {
      "version": "3.1.17",
      "resolved": "https://registry.npmjs.org/@types/stripe-v3/-/stripe-v3-3.1.17.tgz",
      "integrity": "sha512-ZnADc7cgvrnRpz9lkENMgMhBWYR6ybz/745WYPlKZZXzU05ZaADRRtafPfZDTpQhALLpX/KYKmWN/j9GmbIg4g=="
    },
    "qs": {
      "version": "6.9.4",
      "resolved": "https://registry.npmjs.org/qs/-/qs-6.9.4.tgz",
      "integrity": "sha512-A1kFqHekCTM7cz0udomYUoYNWjBebHm/5wzU/XqrBRBNWectVH0QIiN+NEcZ0Dte5hvzHwbr8+XQmguPhJ6WdQ=="
    },
    "react-storage-hooks": {
      "version": "4.0.1",
      "resolved": "https://registry.npmjs.org/react-storage-hooks/-/react-storage-hooks-4.0.1.tgz",
      "integrity": "sha512-fetDkT5RDHGruc2NrdD1iqqoLuXgbx6AUpQSQLLkrCiJf8i97EtwJNXNTy3+GRfsATLG8TZgNc9lGRZOaU5yQA=="
    },
    "stripe": {
      "version": "8.56.0",
      "resolved": "https://registry.npmjs.org/stripe/-/stripe-8.56.0.tgz",
      "integrity": "sha512-HwFbAC3bhBrWFm9+2nTzztTirsFOGyPCEtKJPKiB03N6ZY+lZipBh+v6eCTaxhzHKm8/qT4vfP6DhZC7YHAOiw==",
      "requires": {
        "@types/node": ">=8.1.0",
        "qs": "^6.6.0"
      }
    },
    "use-shopping-cart": {
      "version": "2.0.0",
      "resolved": "https://registry.npmjs.org/use-shopping-cart/-/use-shopping-cart-2.0.0.tgz",
      "integrity": "sha512-rxKhfxQA35PKknhN0ueLs9+FzjtEV8BFrseLuEi+ay6bkYUhOlUDyNfdKCBbd6CjeROFtp5JcBiXsCKApllE3A==",
      "requires": {
        "@types/stripe-v3": "^3.1.17",
        "react-storage-hooks": "^4.0.0"
      }
    }
  }
}
